
Microsoft Visual Studio Solution File, Format Version 12.00
# Visual Studio Version 16
VisualStudioVersion = 16.0.31829.152
MinimumVisualStudioVersion = 10.0.40219.1
Project("{FAE04EC0-301F-11D3-BF4B-00C04F79EFBC}") = "Dapper_Structure", "Dapper_Structure\Dapper_Structure.csproj", "{F627913D-4CE4-4FAD-85B7-0E4EB359D768}"
EndProject
Project("{FAE04EC0-301F-11D3-BF4B-00C04F79EFBC}") = "Dapper_Structure.Abstracts", "Dapper_Structure.Abstracts\Dapper_Structure.Abstracts.csproj", "{1D7C5A97-5D9C-471D-8586-C264F78F2784}"
EndProject
Project("{FAE04EC0-301F-11D3-BF4B-00C04F79EFBC}") = "Dapper_Structure.Models", "Dapper_Structure.Models\Dapper_Structure.Models.csproj", "{0746C23B-FF73-4D3A-AFE6-603BADBA87C5}"
EndProject
Global
	GlobalSection(SolutionConfigurationPlatforms) = preSolution
		Debug|Any CPU = Debug|Any CPU
		Release|Any CPU = Release|Any CPU
	EndGlobalSection
	GlobalSection(ProjectConfigurationPlatforms) = postSolution
		{F627913D-4CE4-4FAD-85B7-0E4EB359D768}.Debug|Any CPU.ActiveCfg = Debug|Any CPU
		{F627913D-4CE4-4FAD-85B7-0E4EB359D768}.Debug|Any CPU.Build.0 = Debug|Any CPU
		{F627913D-4CE4-4FAD-85B7-0E4EB359D768}.Release|Any CPU.ActiveCfg = Release|Any CPU
		{F627913D-4CE4-4FAD-85B7-0E4EB359D768}.Release|Any CPU.Build.0 = Release|Any CPU
		{1D7C5A97-5D9C-471D-8586-C264F78F2784}.Debug|Any CPU.ActiveCfg = Debug|Any CPU
		{1D7C5A97-5D9C-471D-8586-C264F78F2784}.Debug|Any CPU.Build.0 = Debug|Any CPU
		{1D7C5A97-5D9C-471D-8586-C264F78F2784}.Release|Any CPU.ActiveCfg = Release|Any CPU
		{1D7C5A97-5D9C-471D-8586-C264F78F2784}.Release|Any CPU.Build.0 = Release|Any CPU
		{0746C23B-FF73-4D3A-AFE6-603BADBA87C5}.Debug|Any CPU.ActiveCfg = Debug|Any CPU
		{0746C23B-FF73-4D3A-AFE6-603BADBA87C5}.Debug|Any CPU.Build.0 = Debug|Any CPU
		{0746C23B-FF73-4D3A-AFE6-603BADBA87C5}.Release|Any CPU.ActiveCfg = Release|Any CPU
		{0746C23B-FF73-4D3A-AFE6-603BADBA87C5}.Release|Any CPU.Build.0 = Release|Any CPU
	EndGlobalSection
	GlobalSection(SolutionProperties) = preSolution
		HideSolutionNode = FALSE
	EndGlobalSection
	GlobalSection(ExtensibilityGlobals) = postSolution
		SolutionGuid = {BFCCE110-B4AC-4B7C-89A2-B795146F13F6}
	EndGlobalSection
EndGlobal
